
Microsoft Visual Studio Solution File, Format Version 12.00
# Visual Studio Version 17
VisualStudioVersion = 17.8.34525.116
MinimumVisualStudioVersion = 10.0.40219.1
Project("{9A19103F-16F7-4668-BE54-9A1E7A4F7556}") = "IDM.Digitech.Automation.SCS", "IDM.Digitech.Automation.SCS.csproj", "{182ABCAB-05F4-41B3-89F6-8855F8E844B2}"
EndProject
Global
	GlobalSection(SolutionConfigurationPlatforms) = preSolution
		Debug|Any CPU = Debug|Any CPU
		Release|Any CPU = Release|Any CPU
	EndGlobalSection
	GlobalSection(ProjectConfigurationPlatforms) = postSolution
		{182ABCAB-05F4-41B3-89F6-8855F8E844B2}.Debug|Any CPU.ActiveCfg = Debug|Any CPU
		{182ABCAB-05F4-41B3-89F6-8855F8E844B2}.Debug|Any CPU.Build.0 = Debug|Any CPU
		{182ABCAB-05F4-41B3-89F6-8855F8E844B2}.Release|Any CPU.ActiveCfg = Release|Any CPU
		{182ABCAB-05F4-41B3-89F6-8855F8E844B2}.Release|Any CPU.Build.0 = Release|Any CPU
	EndGlobalSection
	GlobalSection(SolutionProperties) = preSolution
		HideSolutionNode = FALSE
	EndGlobalSection
	GlobalSection(ExtensibilityGlobals) = postSolution
		SolutionGuid = {6BE1432F-95D1-40A5-B08A-1E860B688BD3}
	EndGlobalSection
EndGlobal
